
Microsoft Visual Studio Solution File, Format Version 12.00
# Visual Studio Version 17
VisualStudioVersion = 17.7.34024.191
MinimumVisualStudioVersion = 10.0.40219.1
Project("{9A19103F-16F7-4668-BE54-9A1E7A4F7556}") = "DoAnCS_Demo1", "DoAnCS_Demo1.csproj", "{A3A99251-CB3D-4CD9-8B7D-49E5E2468CE2}"
EndProject
Global
	GlobalSection(SolutionConfigurationPlatforms) = preSolution
		Debug|Any CPU = Debug|Any CPU
		Release|Any CPU = Release|Any CPU
	EndGlobalSection
	GlobalSection(ProjectConfigurationPlatforms) = postSolution
		{A3A99251-CB3D-4CD9-8B7D-49E5E2468CE2}.Debug|Any CPU.ActiveCfg = Debug|Any CPU
		{A3A99251-CB3D-4CD9-8B7D-49E5E2468CE2}.Debug|Any CPU.Build.0 = Debug|Any CPU
		{A3A99251-CB3D-4CD9-8B7D-49E5E2468CE2}.Release|Any CPU.ActiveCfg = Release|Any CPU
		{A3A99251-CB3D-4CD9-8B7D-49E5E2468CE2}.Release|Any CPU.Build.0 = Release|Any CPU
	EndGlobalSection
	GlobalSection(SolutionProperties) = preSolution
		HideSolutionNode = FALSE
	EndGlobalSection
	GlobalSection(ExtensibilityGlobals) = postSolution
		SolutionGuid = {595FDAAD-6FC5-4DA8-A441-99B8E944B6C4}
	EndGlobalSection
EndGlobal
